// !$*UTF8*$!
{
	archiveVersion = 1;
	classes = {
	};
	objectVersion = 52;
	objects = {

/* Begin PBXBuildFile section */
		98138CC626372B56003945F3 /* BusinessSectionDetail.swift in Sources */ = {isa = PBXBuildFile; fileRef = 98138CC526372B56003945F3 /* BusinessSectionDetail.swift */; };
		98138CC726372B56003945F3 /* BusinessSectionDetail.swift in Sources */ = {isa = PBXBuildFile; fileRef = 98138CC526372B56003945F3 /* BusinessSectionDetail.swift */; };
		98340D9F263DE8FF00A38958 /* AppDevWithSwiftLibrary in Frameworks */ = {isa = PBXBuildFile; productRef = 98340D9E263DE8FF00A38958 /* AppDevWithSwiftLibrary */; };
		9847E6D42641BD8C00BA066B /* OnboardingScreens.swift in Sources */ = {isa = PBXBuildFile; fileRef = 9847E6D32641BD8C00BA066B /* OnboardingScreens.swift */; };
		9847E6D62641BE7C00BA066B /* OnboardingScreenView.swift in Sources */ = {isa = PBXBuildFile; fileRef = 9847E6D52641BE7C00BA066B /* OnboardingScreenView.swift */; };
		98B44A6B262CF5F4000DCFB5 /* CloseButton.swift in Sources */ = {isa = PBXBuildFile; fileRef = 98B44A6A262CF5F4000DCFB5 /* CloseButton.swift */; };
		98B44A6C262CF5F4000DCFB5 /* CloseButton.swift in Sources */ = {isa = PBXBuildFile; fileRef = 98B44A6A262CF5F4000DCFB5 /* CloseButton.swift */; };
		98B44A70262CFA1F000DCFB5 /* BusinessDetail.swift in Sources */ = {isa = PBXBuildFile; fileRef = 98B44A6F262CFA1F000DCFB5 /* BusinessDetail.swift */; };
		98B44A71262CFA1F000DCFB5 /* BusinessDetail.swift in Sources */ = {isa = PBXBuildFile; fileRef = 98B44A6F262CFA1F000DCFB5 /* BusinessDetail.swift */; };
		98B44A75262D0991000DCFB5 /* BusinessSection.swift in Sources */ = {isa = PBXBuildFile; fileRef = 98B44A74262D0991000DCFB5 /* BusinessSection.swift */; };
		98B44A76262D0991000DCFB5 /* BusinessSection.swift in Sources */ = {isa = PBXBuildFile; fileRef = 98B44A74262D0991000DCFB5 /* BusinessSection.swift */; };
		98B44A7A262DFF9E000DCFB5 /* PersonalServiceBusiness.swift in Sources */ = {isa = PBXBuildFile; fileRef = 98B44A79262DFF9E000DCFB5 /* PersonalServiceBusiness.swift */; };
		98B44A7B262DFF9F000DCFB5 /* PersonalServiceBusiness.swift in Sources */ = {isa = PBXBuildFile; fileRef = 98B44A79262DFF9E000DCFB5 /* PersonalServiceBusiness.swift */; };
		98B44A89262E0AD2000DCFB5 /* VisualEffectBlur.swift in Sources */ = {isa = PBXBuildFile; fileRef = 98B44A88262E0AD2000DCFB5 /* VisualEffectBlur.swift */; };
		98B44A91262E315D000DCFB5 /* TabBar.swift in Sources */ = {isa = PBXBuildFile; fileRef = 98B44A90262E315C000DCFB5 /* TabBar.swift */; };
		98B44A9B262E696C000DCFB5 /* MessagesView.swift in Sources */ = {isa = PBXBuildFile; fileRef = 98B44A9A262E696C000DCFB5 /* MessagesView.swift */; };
		98B44A9C262E696C000DCFB5 /* MessagesView.swift in Sources */ = {isa = PBXBuildFile; fileRef = 98B44A9A262E696C000DCFB5 /* MessagesView.swift */; };
		98B44AA4262E6E2E000DCFB5 /* BarterBoardView.swift in Sources */ = {isa = PBXBuildFile; fileRef = 98B44AA3262E6E2E000DCFB5 /* BarterBoardView.swift */; };
		98B44AA5262E6E2E000DCFB5 /* BarterBoardView.swift in Sources */ = {isa = PBXBuildFile; fileRef = 98B44AA3262E6E2E000DCFB5 /* BarterBoardView.swift */; };
		98CCB133264BEBC400BA927A /* Assets.xcassets in Resources */ = {isa = PBXBuildFile; fileRef = 98CCB132264BEBC300BA927A /* Assets.xcassets */; };
		98CCB134264BEBC400BA927A /* Assets.xcassets in Resources */ = {isa = PBXBuildFile; fileRef = 98CCB132264BEBC300BA927A /* Assets.xcassets */; };
		98DBFEAB262BA65000F9022C /* iteration3App.swift in Sources */ = {isa = PBXBuildFile; fileRef = 98DBFE98262BA64D00F9022C /* iteration3App.swift */; };
		98DBFEAC262BA65000F9022C /* iteration3App.swift in Sources */ = {isa = PBXBuildFile; fileRef = 98DBFE98262BA64D00F9022C /* iteration3App.swift */; };
		98DBFEAD262BA65000F9022C /* ContentView.swift in Sources */ = {isa = PBXBuildFile; fileRef = 98DBFE99262BA64D00F9022C /* ContentView.swift */; };
		98DBFEAE262BA65000F9022C /* ContentView.swift in Sources */ = {isa = PBXBuildFile; fileRef = 98DBFE99262BA64D00F9022C /* ContentView.swift */; };
		98DBFEC3262BCE6B00F9022C /* BusinessRow.swift in Sources */ = {isa = PBXBuildFile; fileRef = 98DBFEC2262BCE6B00F9022C /* BusinessRow.swift */; };
		98DBFEC4262BCE6B00F9022C /* BusinessRow.swift in Sources */ = {isa = PBXBuildFile; fileRef = 98DBFEC2262BCE6B00F9022C /* BusinessRow.swift */; };
		98DBFEC8262BD23900F9022C /* BusinessView.swift in Sources */ = {isa = PBXBuildFile; fileRef = 98DBFEC7262BD23900F9022C /* BusinessView.swift */; };
		98DBFEC9262BD23900F9022C /* BusinessView.swift in Sources */ = {isa = PBXBuildFile; fileRef = 98DBFEC7262BD23900F9022C /* BusinessView.swift */; };
		98DBFED2262BE31C00F9022C /* BusinessItem.swift in Sources */ = {isa = PBXBuildFile; fileRef = 98DBFED1262BE31B00F9022C /* BusinessItem.swift */; };
		98DBFED3262BE31C00F9022C /* BusinessItem.swift in Sources */ = {isa = PBXBuildFile; fileRef = 98DBFED1262BE31B00F9022C /* BusinessItem.swift */; };
		98DBFEE4262BF93E00F9022C /* Business.swift in Sources */ = {isa = PBXBuildFile; fileRef = 98DBFEE3262BF93E00F9022C /* Business.swift */; };
		98DBFEE5262BF93E00F9022C /* Business.swift in Sources */ = {isa = PBXBuildFile; fileRef = 98DBFEE3262BF93E00F9022C /* Business.swift */; };
		98E366E826446A9300746306 /* ProfileView.swift in Sources */ = {isa = PBXBuildFile; fileRef = 98E366E726446A9300746306 /* ProfileView.swift */; };
		98E366EA264484F300746306 /* LogInView.swift in Sources */ = {isa = PBXBuildFile; fileRef = 98E366E9264484F300746306 /* LogInView.swift */; };
/* End PBXBuildFile section */

/* Begin PBXFileReference section */
		98138CC526372B56003945F3 /* BusinessSectionDetail.swift */ = {isa = PBXFileReference; lastKnownFileType = sourcecode.swift; path = BusinessSectionDetail.swift; sourceTree = "<group>"; };
		9847E6D32641BD8C00BA066B /* OnboardingScreens.swift */ = {isa = PBXFileReference; lastKnownFileType = sourcecode.swift; path = OnboardingScreens.swift; sourceTree = "<group>"; };
		9847E6D52641BE7C00BA066B /* OnboardingScreenView.swift */ = {isa = PBXFileReference; lastKnownFileType = sourcecode.swift; path = OnboardingScreenView.swift; sourceTree = "<group>"; };
		98B44A6A262CF5F4000DCFB5 /* CloseButton.swift */ = {isa = PBXFileReference; lastKnownFileType = sourcecode.swift; path = CloseButton.swift; sourceTree = "<group>"; };
		98B44A6F262CFA1F000DCFB5 /* BusinessDetail.swift */ = {isa = PBXFileReference; lastKnownFileType = sourcecode.swift; path = BusinessDetail.swift; sourceTree = "<group>"; };
		98B44A74262D0991000DCFB5 /* BusinessSection.swift */ = {isa = PBXFileReference; lastKnownFileType = sourcecode.swift; path = BusinessSection.swift; sourceTree = "<group>"; };
		98B44A79262DFF9E000DCFB5 /* PersonalServiceBusiness.swift */ = {isa = PBXFileReference; lastKnownFileType = sourcecode.swift; path = PersonalServiceBusiness.swift; sourceTree = "<group>"; };
		98B44A88262E0AD2000DCFB5 /* VisualEffectBlur.swift */ = {isa = PBXFileReference; fileEncoding = 4; lastKnownFileType = sourcecode.swift; path = VisualEffectBlur.swift; sourceTree = "<group>"; };
		98B44A90262E315C000DCFB5 /* TabBar.swift */ = {isa = PBXFileReference; lastKnownFileType = sourcecode.swift; path = TabBar.swift; sourceTree = "<group>"; };
		98B44A9A262E696C000DCFB5 /* MessagesView.swift */ = {isa = PBXFileReference; lastKnownFileType = sourcecode.swift; path = MessagesView.swift; sourceTree = "<group>"; };
		98B44AA3262E6E2E000DCFB5 /* BarterBoardView.swift */ = {isa = PBXFileReference; lastKnownFileType = sourcecode.swift; path = BarterBoardView.swift; sourceTree = "<group>"; };
		98CCB132264BEBC300BA927A /* Assets.xcassets */ = {isa = PBXFileReference; lastKnownFileType = folder.assetcatalog; path = Assets.xcassets; sourceTree = "<group>"; };
		98DBFE98262BA64D00F9022C /* iteration3App.swift */ = {isa = PBXFileReference; lastKnownFileType = sourcecode.swift; path = iteration3App.swift; sourceTree = "<group>"; };
		98DBFE99262BA64D00F9022C /* ContentView.swift */ = {isa = PBXFileReference; lastKnownFileType = sourcecode.swift; path = ContentView.swift; sourceTree = "<group>"; };
		98DBFE9F262BA64F00F9022C /* iteration3.app */ = {isa = PBXFileReference; explicitFileType = wrapper.application; includeInIndex = 0; path = iteration3.app; sourceTree = BUILT_PRODUCTS_DIR; };
		98DBFEA2262BA64F00F9022C /* Info.plist */ = {isa = PBXFileReference; lastKnownFileType = text.plist.xml; path = Info.plist; sourceTree = "<group>"; };
		98DBFEA7262BA64F00F9022C /* iteration3.app */ = {isa = PBXFileReference; explicitFileType = wrapper.application; includeInIndex = 0; path = iteration3.app; sourceTree = BUILT_PRODUCTS_DIR; };
		98DBFEC2262BCE6B00F9022C /* BusinessRow.swift */ = {isa = PBXFileReference; lastKnownFileType = sourcecode.swift; path = BusinessRow.swift; sourceTree = "<group>"; };
		98DBFEC7262BD23900F9022C /* BusinessView.swift */ = {isa = PBXFileReference; lastKnownFileType = sourcecode.swift; path = BusinessView.swift; sourceTree = "<group>"; };
		98DBFED1262BE31B00F9022C /* BusinessItem.swift */ = {isa = PBXFileReference; lastKnownFileType = sourcecode.swift; path = BusinessItem.swift; sourceTree = "<group>"; };
		98DBFEE3262BF93E00F9022C /* Business.swift */ = {isa = PBXFileReference; lastKnownFileType = sourcecode.swift; path = Business.swift; sourceTree = "<group>"; };
		98E366E726446A9300746306 /* ProfileView.swift */ = {isa = PBXFileReference; lastKnownFileType = sourcecode.swift; path = ProfileView.swift; sourceTree = "<group>"; };
		98E366E9264484F300746306 /* LogInView.swift */ = {isa = PBXFileReference; lastKnownFileType = sourcecode.swift; path = LogInView.swift; sourceTree = "<group>"; };
/* End PBXFileReference section */

/* Begin PBXFrameworksBuildPhase section */
		98DBFE9C262BA64F00F9022C /* Frameworks */ = {
			isa = PBXFrameworksBuildPhase;
			buildActionMask = 2147483647;
			files = (
				98340D9F263DE8FF00A38958 /* AppDevWithSwiftLibrary in Frameworks */,
			);
			runOnlyForDeploymentPostprocessing = 0;
		};
		98DBFEA4262BA64F00F9022C /* Frameworks */ = {
			isa = PBXFrameworksBuildPhase;
			buildActionMask = 2147483647;
			files = (
			);
			runOnlyForDeploymentPostprocessing = 0;
		};
/* End PBXFrameworksBuildPhase section */

/* Begin PBXGroup section */
		98138CC226372A72003945F3 /* Views */ = {
			isa = PBXGroup;
			children = (
				98B44A9A262E696C000DCFB5 /* MessagesView.swift */,
				98B44AA3262E6E2E000DCFB5 /* BarterBoardView.swift */,
				98DBFEC7262BD23900F9022C /* BusinessView.swift */,
				98E366E726446A9300746306 /* ProfileView.swift */,
				98E366E9264484F300746306 /* LogInView.swift */,
			);
			path = Views;
			sourceTree = "<group>";
		};
		98B44A65262C883A000DCFB5 /* Model */ = {
			isa = PBXGroup;
			children = (
				98DBFEE3262BF93E00F9022C /* Business.swift */,
				98B44A79262DFF9E000DCFB5 /* PersonalServiceBusiness.swift */,
				98B44A74262D0991000DCFB5 /* BusinessSection.swift */,
			);
			path = Model;
			sourceTree = "<group>";
		};
		98BE87E42647802A00C2AC62 /* Onboarding */ = {
			isa = PBXGroup;
			children = (
				9847E6D32641BD8C00BA066B /* OnboardingScreens.swift */,
				9847E6D52641BE7C00BA066B /* OnboardingScreenView.swift */,
			);
			path = Onboarding;
			sourceTree = "<group>";
		};
		98DBFE92262BA64C00F9022C = {
			isa = PBXGroup;
			children = (
				98DBFE97262BA64D00F9022C /* Shared */,
				98DBFEA1262BA64F00F9022C /* iOS */,
				98DBFEA0262BA64F00F9022C /* Products */,
			);
			sourceTree = "<group>";
		};
		98DBFE97262BA64D00F9022C /* Shared */ = {
			isa = PBXGroup;
			children = (
				98BE87E42647802A00C2AC62 /* Onboarding */,
				98DBFE98262BA64D00F9022C /* iteration3App.swift */,
				98138CC226372A72003945F3 /* Views */,
				98DBFED6262BE82500F9022C /* Navigation */,
				98B44A65262C883A000DCFB5 /* Model */,
				98DBFED9262BE87700F9022C /* Items */,
				98B44A6F262CFA1F000DCFB5 /* BusinessDetail.swift */,
				98138CC526372B56003945F3 /* BusinessSectionDetail.swift */,
				98CCB132264BEBC300BA927A /* Assets.xcassets */,
			);
			path = Shared;
			sourceTree = "<group>";
		};
		98DBFEA0262BA64F00F9022C /* Products */ = {
			isa = PBXGroup;
			children = (
				98DBFE9F262BA64F00F9022C /* iteration3.app */,
				98DBFEA7262BA64F00F9022C /* iteration3.app */,
			);
			name = Products;
			sourceTree = "<group>";
		};
		98DBFEA1262BA64F00F9022C /* iOS */ = {
			isa = PBXGroup;
			children = (
				98B44A88262E0AD2000DCFB5 /* VisualEffectBlur.swift */,
				98DBFEA2262BA64F00F9022C /* Info.plist */,
			);
			path = iOS;
			sourceTree = "<group>";
		};
		98DBFED6262BE82500F9022C /* Navigation */ = {
			isa = PBXGroup;
			children = (
				98DBFE99262BA64D00F9022C /* ContentView.swift */,
				98B44A90262E315C000DCFB5 /* TabBar.swift */,
			);
			path = Navigation;
			sourceTree = "<group>";
		};
		98DBFED9262BE87700F9022C /* Items */ = {
			isa = PBXGroup;
			children = (
				98DBFED1262BE31B00F9022C /* BusinessItem.swift */,
				98DBFEC2262BCE6B00F9022C /* BusinessRow.swift */,
				98B44A6A262CF5F4000DCFB5 /* CloseButton.swift */,
			);
			path = Items;
			sourceTree = "<group>";
		};
/* End PBXGroup section */

/* Begin PBXNativeTarget section */
		98DBFE9E262BA64F00F9022C /* iteration3 (iOS) */ = {
			isa = PBXNativeTarget;
			buildConfigurationList = 98DBFEB3262BA65000F9022C /* Build configuration list for PBXNativeTarget "iteration3 (iOS)" */;
			buildPhases = (
				98DBFE9B262BA64F00F9022C /* Sources */,
				98DBFE9C262BA64F00F9022C /* Frameworks */,
				98DBFE9D262BA64F00F9022C /* Resources */,
			);
			buildRules = (
			);
			dependencies = (
			);
			name = "iteration3 (iOS)";
			packageProductDependencies = (
				98340D9E263DE8FF00A38958 /* AppDevWithSwiftLibrary */,
			);
			productName = "iteration3 (iOS)";
			productReference = 98DBFE9F262BA64F00F9022C /* iteration3.app */;
			productType = "com.apple.product-type.application";
		};
		98DBFEA6262BA64F00F9022C /* iteration3 (macOS) */ = {
			isa = PBXNativeTarget;
			buildConfigurationList = 98DBFEB6262BA65000F9022C /* Build configuration list for PBXNativeTarget "iteration3 (macOS)" */;
			buildPhases = (
				98DBFEA3262BA64F00F9022C /* Sources */,
				98DBFEA4262BA64F00F9022C /* Frameworks */,
				98DBFEA5262BA64F00F9022C /* Resources */,
			);
			buildRules = (
			);
			dependencies = (
			);
			name = "iteration3 (macOS)";
			productName = "iteration3 (macOS)";
			productReference = 98DBFEA7262BA64F00F9022C /* iteration3.app */;
			productType = "com.apple.product-type.application";
		};
/* End PBXNativeTarget section */

/* Begin PBXProject section */
		98DBFE93262BA64C00F9022C /* Project object */ = {
			isa = PBXProject;
			attributes = {
				LastSwiftUpdateCheck = 1240;
				LastUpgradeCheck = 1240;
				TargetAttributes = {
					98DBFE9E262BA64F00F9022C = {
						CreatedOnToolsVersion = 12.4;
					};
					98DBFEA6262BA64F00F9022C = {
						CreatedOnToolsVersion = 12.4;
					};
				};
			};
			buildConfigurationList = 98DBFE96262BA64C00F9022C /* Build configuration list for PBXProject "iteration3" */;
			compatibilityVersion = "Xcode 9.3";
			developmentRegion = en;
			hasScannedForEncodings = 0;
			knownRegions = (
				en,
				Base,
			);
			mainGroup = 98DBFE92262BA64C00F9022C;
			packageReferences = (
				98340D9D263DE8FF00A38958 /* XCRemoteSwiftPackageReference "AppDevWithSwiftLibrary" */,
			);
			productRefGroup = 98DBFEA0262BA64F00F9022C /* Products */;
			projectDirPath = "";
			projectRoot = "";
			targets = (
				98DBFE9E262BA64F00F9022C /* iteration3 (iOS) */,
				98DBFEA6262BA64F00F9022C /* iteration3 (macOS) */,
			);
		};
/* End PBXProject section */

/* Begin PBXResourcesBuildPhase section */
		98DBFE9D262BA64F00F9022C /* Resources */ = {
			isa = PBXResourcesBuildPhase;
			buildActionMask = 2147483647;
			files = (
				98CCB133264BEBC400BA927A /* Assets.xcassets in Resources */,
			);
			runOnlyForDeploymentPostprocessing = 0;
		};
		98DBFEA5262BA64F00F9022C /* Resources */ = {
			isa = PBXResourcesBuildPhase;
			buildActionMask = 2147483647;
			files = (
				98CCB134264BEBC400BA927A /* Assets.xcassets in Resources */,
			);
			runOnlyForDeploymentPostprocessing = 0;
		};
/* End PBXResourcesBuildPhase section */

/* Begin PBXSourcesBuildPhase section */
		98DBFE9B262BA64F00F9022C /* Sources */ = {
			isa = PBXSourcesBuildPhase;
			buildActionMask = 2147483647;
			files = (
				98B44A89262E0AD2000DCFB5 /* VisualEffectBlur.swift in Sources */,
				98B44A9B262E696C000DCFB5 /* MessagesView.swift in Sources */,
				98B44A75262D0991000DCFB5 /* BusinessSection.swift in Sources */,
				98138CC626372B56003945F3 /* BusinessSectionDetail.swift in Sources */,
				98B44A91262E315D000DCFB5 /* TabBar.swift in Sources */,
				98DBFEC8262BD23900F9022C /* BusinessView.swift in Sources */,
				98B44A70262CFA1F000DCFB5 /* BusinessDetail.swift in Sources */,
				9847E6D62641BE7C00BA066B /* OnboardingScreenView.swift in Sources */,
				98DBFED2262BE31C00F9022C /* BusinessItem.swift in Sources */,
				98B44A6B262CF5F4000DCFB5 /* CloseButton.swift in Sources */,
				98E366EA264484F300746306 /* LogInView.swift in Sources */,
				9847E6D42641BD8C00BA066B /* OnboardingScreens.swift in Sources */,
				98DBFEAD262BA65000F9022C /* ContentView.swift in Sources */,
				98DBFEAB262BA65000F9022C /* iteration3App.swift in Sources */,
				98DBFEE4262BF93E00F9022C /* Business.swift in Sources */,
				98B44A7A262DFF9E000DCFB5 /* PersonalServiceBusiness.swift in Sources */,
				98B44AA4262E6E2E000DCFB5 /* BarterBoardView.swift in Sources */,
				98E366E826446A9300746306 /* ProfileView.swift in Sources */,
				98DBFEC3262BCE6B00F9022C /* BusinessRow.swift in Sources */,
			);
			runOnlyForDeploymentPostprocessing = 0;
		};
		98DBFEA3262BA64F00F9022C /* Sources */ = {
			isa = PBXSourcesBuildPhase;
			buildActionMask = 2147483647;
			files = (
				98B44A9C262E696C000DCFB5 /* MessagesView.swift in Sources */,
				98B44AA5262E6E2E000DCFB5 /* BarterBoardView.swift in Sources */,
				98B44A76262D0991000DCFB5 /* BusinessSection.swift in Sources */,
				98DBFEC9262BD23900F9022C /* BusinessView.swift in Sources */,
				98B44A71262CFA1F000DCFB5 /* BusinessDetail.swift in Sources */,
				98DBFED3262BE31C00F9022C /* BusinessItem.swift in Sources */,
				98B44A6C262CF5F4000DCFB5 /* CloseButton.swift in Sources */,
				98DBFEAE262BA65000F9022C /* ContentView.swift in Sources */,
				98138CC726372B56003945F3 /* BusinessSectionDetail.swift in Sources */,
				98DBFEAC262BA65000F9022C /* iteration3App.swift in Sources */,
				98DBFEE5262BF93E00F9022C /* Business.swift in Sources */,
				98B44A7B262DFF9F000DCFB5 /* PersonalServiceBusiness.swift in Sources */,
				98DBFEC4262BCE6B00F9022C /* BusinessRow.swift in Sources */,
			);
			runOnlyForDeploymentPostprocessing = 0;
		};
/* End PBXSourcesBuildPhase section */

/* Begin XCBuildConfiguration section */
		98DBFEB1262BA65000F9022C /* Debug */ = {
			isa = XCBuildConfiguration;
			buildSettings = {
				ALWAYS_SEARCH_USER_PATHS = NO;
				CLANG_ANALYZER_NONNULL = YES;
				CLANG_ANALYZER_NUMBER_OBJECT_CONVERSION = YES_AGGRESSIVE;
				CLANG_CXX_LANGUAGE_STANDARD = "gnu++14";
				CLANG_CXX_LIBRARY = "libc++";
				CLANG_ENABLE_MODULES = YES;
				CLANG_ENABLE_OBJC_ARC = YES;
				CLANG_ENABLE_OBJC_WEAK = YES;
				CLANG_WARN_BLOCK_CAPTURE_AUTORELEASING = YES;
				CLANG_WARN_BOOL_CONVERSION = YES;
				CLANG_WARN_COMMA = YES;
				CLANG_WARN_CONSTANT_CONVERSION = YES;
				CLANG_WARN_DEPRECATED_OBJC_IMPLEMENTATIONS = YES;
				CLANG_WARN_DIRECT_OBJC_ISA_USAGE = YES_ERROR;
				CLANG_WARN_DOCUMENTATION_COMMENTS = YES;
				CLANG_WARN_EMPTY_BODY = YES;
				CLANG_WARN_ENUM_CONVERSION = YES;
				CLANG_WARN_INFINITE_RECURSION = YES;
				CLANG_WARN_INT_CONVERSION = YES;
				CLANG_WARN_NON_LITERAL_NULL_CONVERSION = YES;
				CLANG_WARN_OBJC_IMPLICIT_RETAIN_SELF = YES;
				CLANG_WARN_OBJC_LITERAL_CONVERSION = YES;
				CLANG_WARN_OBJC_ROOT_CLASS = YES_ERROR;
				CLANG_WARN_QUOTED_INCLUDE_IN_FRAMEWORK_HEADER = YES;
				CLANG_WARN_RANGE_LOOP_ANALYSIS = YES;
				CLANG_WARN_STRICT_PROTOTYPES = YES;
				CLANG_WARN_SUSPICIOUS_MOVE = YES;
				CLANG_WARN_UNGUARDED_AVAILABILITY = YES_AGGRESSIVE;
				CLANG_WARN_UNREACHABLE_CODE = YES;
				CLANG_WARN__DUPLICATE_METHOD_MATCH = YES;
				COPY_PHASE_STRIP = NO;
				DEBUG_INFORMATION_FORMAT = dwarf;
				ENABLE_STRICT_OBJC_MSGSEND = YES;
				ENABLE_TESTABILITY = YES;
				GCC_C_LANGUAGE_STANDARD = gnu11;
				GCC_DYNAMIC_NO_PIC = NO;
				GCC_NO_COMMON_BLOCKS = YES;
				GCC_OPTIMIZATION_LEVEL = 0;
				GCC_PREPROCESSOR_DEFINITIONS = (
					"DEBUG=1",
					"$(inherited)",
				);
				GCC_WARN_64_TO_32_BIT_CONVERSION = YES;
				GCC_WARN_ABOUT_RETURN_TYPE = YES_ERROR;
				GCC_WARN_UNDECLARED_SELECTOR = YES;
				GCC_WARN_UNINITIALIZED_AUTOS = YES_AGGRESSIVE;
				GCC_WARN_UNUSED_FUNCTION = YES;
				GCC_WARN_UNUSED_VARIABLE = YES;
				MTL_ENABLE_DEBUG_INFO = INCLUDE_SOURCE;
				MTL_FAST_MATH = YES;
				ONLY_ACTIVE_ARCH = YES;
				SWIFT_ACTIVE_COMPILATION_CONDITIONS = DEBUG;
				SWIFT_OPTIMIZATION_LEVEL = "-Onone";
			};
			name = Debug;
		};
		98DBFEB2262BA65000F9022C /* Release */ = {
			isa = XCBuildConfiguration;
			buildSettings = {
				ALWAYS_SEARCH_USER_PATHS = NO;
				CLANG_ANALYZER_NONNULL = YES;
				CLANG_ANALYZER_NUMBER_OBJECT_CONVERSION = YES_AGGRESSIVE;
				CLANG_CXX_LANGUAGE_STANDARD = "gnu++14";
				CLANG_CXX_LIBRARY = "libc++";
				CLANG_ENABLE_MODULES = YES;
				CLANG_ENABLE_OBJC_ARC = YES;
				CLANG_ENABLE_OBJC_WEAK = YES;
				CLANG_WARN_BLOCK_CAPTURE_AUTORELEASING = YES;
				CLANG_WARN_BOOL_CONVERSION = YES;
				CLANG_WARN_COMMA = YES;
				CLANG_WARN_CONSTANT_CONVERSION = YES;
				CLANG_WARN_DEPRECATED_OBJC_IMPLEMENTATIONS = YES;
				CLANG_WARN_DIRECT_OBJC_ISA_USAGE = YES_ERROR;
				CLANG_WARN_DOCUMENTATION_COMMENTS = YES;
				CLANG_WARN_EMPTY_BODY = YES;
				CLANG_WARN_ENUM_CONVERSION = YES;
				CLANG_WARN_INFINITE_RECURSION = YES;
				CLANG_WARN_INT_CONVERSION = YES;
				CLANG_WARN_NON_LITERAL_NULL_CONVERSION = YES;
				CLANG_WARN_OBJC_IMPLICIT_RETAIN_SELF = YES;
				CLANG_WARN_OBJC_LITERAL_CONVERSION = YES;
				CLANG_WARN_OBJC_ROOT_CLASS = YES_ERROR;
				CLANG_WARN_QUOTED_INCLUDE_IN_FRAMEWORK_HEADER = YES;
				CLANG_WARN_RANGE_LOOP_ANALYSIS = YES;
				CLANG_WARN_STRICT_PROTOTYPES = YES;
				CLANG_WARN_SUSPICIOUS_MOVE = YES;
				CLANG_WARN_UNGUARDED_AVAILABILITY = YES_AGGRESSIVE;
				CLANG_WARN_UNREACHABLE_CODE = YES;
				CLANG_WARN__DUPLICATE_METHOD_MATCH = YES;
				COPY_PHASE_STRIP = NO;
				DEBUG_INFORMATION_FORMAT = "dwarf-with-dsym";
				ENABLE_NS_ASSERTIONS = NO;
				ENABLE_STRICT_OBJC_MSGSEND = YES;
				GCC_C_LANGUAGE_STANDARD = gnu11;
				GCC_NO_COMMON_BLOCKS = YES;
				GCC_WARN_64_TO_32_BIT_CONVERSION = YES;
				GCC_WARN_ABOUT_RETURN_TYPE = YES_ERROR;
				GCC_WARN_UNDECLARED_SELECTOR = YES;
				GCC_WARN_UNINITIALIZED_AUTOS = YES_AGGRESSIVE;
				GCC_WARN_UNUSED_FUNCTION = YES;
				GCC_WARN_UNUSED_VARIABLE = YES;
				MTL_ENABLE_DEBUG_INFO = NO;
				MTL_FAST_MATH = YES;
				SWIFT_COMPILATION_MODE = wholemodule;
				SWIFT_OPTIMIZATION_LEVEL = "-O";
			};
			name = Release;
		};
		98DBFEB4262BA65000F9022C /* Debug */ = {
			isa = XCBuildConfiguration;
			buildSettings = {
				ASSETCATALOG_COMPILER_APPICON_NAME = AppIcon;
				ASSETCATALOG_COMPILER_GLOBAL_ACCENT_COLOR_NAME = AccentColor;
				CODE_SIGN_STYLE = Automatic;
				DEVELOPMENT_TEAM = 68ZWDW3GWY;
				ENABLE_PREVIEWS = YES;
				INFOPLIST_FILE = iOS/Info.plist;
				IPHONEOS_DEPLOYMENT_TARGET = 14.0;
				LD_RUNPATH_SEARCH_PATHS = (
					"$(inherited)",
					"@executable_path/Frameworks",
				);
				PRODUCT_BUNDLE_IDENTIFIER = com.iShanicey.iteration3;
				PRODUCT_NAME = iteration3;
				SDKROOT = iphoneos;
				SWIFT_VERSION = 5.0;
				TARGETED_DEVICE_FAMILY = "1,2";
			};
			name = Debug;
		};
		98DBFEB5262BA65000F9022C /* Release */ = {
			isa = XCBuildConfiguration;
			buildSettings = {
				ASSETCATALOG_COMPILER_APPICON_NAME = AppIcon;
				ASSETCATALOG_COMPILER_GLOBAL_ACCENT_COLOR_NAME = AccentColor;
				CODE_SIGN_STYLE = Automatic;
				DEVELOPMENT_TEAM = 68ZWDW3GWY;
				ENABLE_PREVIEWS = YES;
				INFOPLIST_FILE = iOS/Info.plist;
				IPHONEOS_DEPLOYMENT_TARGET = 14.0;
				LD_RUNPATH_SEARCH_PATHS = (
					"$(inherited)",
					"@executable_path/Frameworks",
				);
				PRODUCT_BUNDLE_IDENTIFIER = com.iShanicey.iteration3;
				PRODUCT_NAME = iteration3;
				SDKROOT = iphoneos;
				SWIFT_VERSION = 5.0;
				TARGETED_DEVICE_FAMILY = "1,2";
				VALIDATE_PRODUCT = YES;
			};
			name = Release;
		};
		98DBFEB7262BA65000F9022C /* Debug */ = {
			isa = XCBuildConfiguration;
			buildSettings = {
				ASSETCATALOG_COMPILER_APPICON_NAME = AppIcon;
				ASSETCATALOG_COMPILER_GLOBAL_ACCENT_COLOR_NAME = AccentColor;
				CODE_SIGN_ENTITLEMENTS = macOS/macOS.entitlements;
				CODE_SIGN_STYLE = Automatic;
				COMBINE_HIDPI_IMAGES = YES;
				DEVELOPMENT_TEAM = 68ZWDW3GWY;
				ENABLE_HARDENED_RUNTIME = YES;
				ENABLE_PREVIEWS = YES;
				INFOPLIST_FILE = macOS/Info.plist;
				LD_RUNPATH_SEARCH_PATHS = (
					"$(inherited)",
					"@executable_path/../Frameworks",
				);
				MACOSX_DEPLOYMENT_TARGET = 11.0;
				PRODUCT_BUNDLE_IDENTIFIER = com.iShanicey.iteration3;
				PRODUCT_NAME = iteration3;
				SDKROOT = macosx;
				SWIFT_VERSION = 5.0;
			};
			name = Debug;
		};
		98DBFEB8262BA65000F9022C /* Release */ = {
			isa = XCBuildConfiguration;
			buildSettings = {
				ASSETCATALOG_COMPILER_APPICON_NAME = AppIcon;
				ASSETCATALOG_COMPILER_GLOBAL_ACCENT_COLOR_NAME = AccentColor;
				CODE_SIGN_ENTITLEMENTS = macOS/macOS.entitlements;
				CODE_SIGN_STYLE = Automatic;
				COMBINE_HIDPI_IMAGES = YES;
				DEVELOPMENT_TEAM = 68ZWDW3GWY;
				ENABLE_HARDENED_RUNTIME = YES;
				ENABLE_PREVIEWS = YES;
				INFOPLIST_FILE = macOS/Info.plist;
				LD_RUNPATH_SEARCH_PATHS = (
					"$(inherited)",
					"@executable_path/../Frameworks",
				);
				MACOSX_DEPLOYMENT_TARGET = 11.0;
				PRODUCT_BUNDLE_IDENTIFIER = com.iShanicey.iteration3;
				PRODUCT_NAME = iteration3;
				SDKROOT = macosx;
				SWIFT_VERSION = 5.0;
			};
			name = Release;
		};
/* End XCBuildConfiguration section */

/* Begin XCConfigurationList section */
		98DBFE96262BA64C00F9022C /* Build configuration list for PBXProject "iteration3" */ = {
			isa = XCConfigurationList;
			buildConfigurations = (
				98DBFEB1262BA65000F9022C /* Debug */,
				98DBFEB2262BA65000F9022C /* Release */,
			);
			defaultConfigurationIsVisible = 0;
			defaultConfigurationName = Release;
		};
		98DBFEB3262BA65000F9022C /* Build configuration list for PBXNativeTarget "iteration3 (iOS)" */ = {
			isa = XCConfigurationList;
			buildConfigurations = (
				98DBFEB4262BA65000F9022C /* Debug */,
				98DBFEB5262BA65000F9022C /* Release */,
			);
			defaultConfigurationIsVisible = 0;
			defaultConfigurationName = Release;
		};
		98DBFEB6262BA65000F9022C /* Build configuration list for PBXNativeTarget "iteration3 (macOS)" */ = {
			isa = XCConfigurationList;
			buildConfigurations = (
				98DBFEB7262BA65000F9022C /* Debug */,
				98DBFEB8262BA65000F9022C /* Release */,
			);
			defaultConfigurationIsVisible = 0;
			defaultConfigurationName = Release;
		};
/* End XCConfigurationList section */

/* Begin XCRemoteSwiftPackageReference section */
		98340D9D263DE8FF00A38958 /* XCRemoteSwiftPackageReference "AppDevWithSwiftLibrary" */ = {
			isa = XCRemoteSwiftPackageReference;
			repositoryURL = "https://github.com/iitgrad/AppDevWithSwiftLibrary.git";
			requirement = {
				kind = upToNextMajorVersion;
				minimumVersion = 1.8.9;
			};
		};
/* End XCRemoteSwiftPackageReference section */

/* Begin XCSwiftPackageProductDependency section */
		98340D9E263DE8FF00A38958 /* AppDevWithSwiftLibrary */ = {
			isa = XCSwiftPackageProductDependency;
			package = 98340D9D263DE8FF00A38958 /* XCRemoteSwiftPackageReference "AppDevWithSwiftLibrary" */;
			productName = AppDevWithSwiftLibrary;
		};
/* End XCSwiftPackageProductDependency section */
	};
	rootObject = 98DBFE93262BA64C00F9022C /* Project object */;
}
